
Microsoft Visual Studio Solution File, Format Version 12.00
# Visual Studio Version 16
VisualStudioVersion = 16.0.28803.202
MinimumVisualStudioVersion = 10.0.40219.1
Project("{8BC9CEB8-8B4A-11D0-8D11-00A0C91BC942}") = "SpaceInvaders", "SpaceInvaders\SpaceInvaders.vcxproj", "{556A1374-ECB2-45C0-87A4-9B1FC3F63150}"
EndProject
Global
	GlobalSection(SolutionConfigurationPlatforms) = preSolution
		Debug|x64 = Debug|x64
		Release|x64 = Release|x64
	EndGlobalSection
	GlobalSection(ProjectConfigurationPlatforms) = postSolution
		{556A1374-ECB2-45C0-87A4-9B1FC3F63150}.Debug|x64.ActiveCfg = Debug|x64
		{556A1374-ECB2-45C0-87A4-9B1FC3F63150}.Debug|x64.Build.0 = Debug|x64
		{556A1374-ECB2-45C0-87A4-9B1FC3F63150}.Release|x64.ActiveCfg = Release|x64
		{556A1374-ECB2-45C0-87A4-9B1FC3F63150}.Release|x64.Build.0 = Release|x64
	EndGlobalSection
	GlobalSection(SolutionProperties) = preSolution
		HideSolutionNode = FALSE
	EndGlobalSection
	GlobalSection(ExtensibilityGlobals) = postSolution
		SolutionGuid = {016F3B58-C8DA-4B06-9E88-4DB124E5B490}
	EndGlobalSection
EndGlobal
